
Microsoft Visual Studio Solution File, Format Version 12.00
# Visual Studio Version 16
VisualStudioVersion = 16.0.30225.117
MinimumVisualStudioVersion = 10.0.40219.1
Project("{FAE04EC0-301F-11D3-BF4B-00C04F79EFBC}") = "GreatingDataTable", "GreatingDataTable.csproj", "{D2883CE1-E109-433A-A459-9B874BE1041D}"
EndProject
Global
	GlobalSection(SolutionConfigurationPlatforms) = preSolution
		Debug|Any CPU = Debug|Any CPU
		Release|Any CPU = Release|Any CPU
	EndGlobalSection
	GlobalSection(ProjectConfigurationPlatforms) = postSolution
		{D2883CE1-E109-433A-A459-9B874BE1041D}.Debug|Any CPU.ActiveCfg = Debug|Any CPU
		{D2883CE1-E109-433A-A459-9B874BE1041D}.Debug|Any CPU.Build.0 = Debug|Any CPU
		{D2883CE1-E109-433A-A459-9B874BE1041D}.Release|Any CPU.ActiveCfg = Release|Any CPU
		{D2883CE1-E109-433A-A459-9B874BE1041D}.Release|Any CPU.Build.0 = Release|Any CPU
	EndGlobalSection
	GlobalSection(SolutionProperties) = preSolution
		HideSolutionNode = FALSE
	EndGlobalSection
	GlobalSection(ExtensibilityGlobals) = postSolution
		SolutionGuid = {B71CB820-4F2B-4930-9774-1F2C92BDAABB}
	EndGlobalSection
EndGlobal
