
Microsoft Visual Studio Solution File, Format Version 12.00
# Visual Studio Version 16
VisualStudioVersion = 16.0.30225.117
MinimumVisualStudioVersion = 10.0.40219.1
Project("{FAE04EC0-301F-11D3-BF4B-00C04F79EFBC}") = "DataSoursesWizard", "DataSoursesWizard.csproj", "{9410B775-D996-45E1-8149-A36E2169D50E}"
EndProject
Global
	GlobalSection(SolutionConfigurationPlatforms) = preSolution
		Debug|Any CPU = Debug|Any CPU
		Release|Any CPU = Release|Any CPU
	EndGlobalSection
	GlobalSection(ProjectConfigurationPlatforms) = postSolution
		{9410B775-D996-45E1-8149-A36E2169D50E}.Debug|Any CPU.ActiveCfg = Debug|Any CPU
		{9410B775-D996-45E1-8149-A36E2169D50E}.Debug|Any CPU.Build.0 = Debug|Any CPU
		{9410B775-D996-45E1-8149-A36E2169D50E}.Release|Any CPU.ActiveCfg = Release|Any CPU
		{9410B775-D996-45E1-8149-A36E2169D50E}.Release|Any CPU.Build.0 = Release|Any CPU
	EndGlobalSection
	GlobalSection(SolutionProperties) = preSolution
		HideSolutionNode = FALSE
	EndGlobalSection
	GlobalSection(ExtensibilityGlobals) = postSolution
		SolutionGuid = {2E9BBA2A-4BFC-41E1-B0C5-B29A2BFF3562}
	EndGlobalSection
EndGlobal
